
Microsoft Visual Studio Solution File, Format Version 12.00
# Visual Studio 15
VisualStudioVersion = 15.0.28010.2046
MinimumVisualStudioVersion = 10.0.40219.1
Project("{9A19103F-16F7-4668-BE54-9A1E7A4F7556}") = "InjectionScript", "InjectionScript\InjectionScript.csproj", "{74517789-48C2-4AE9-BBC7-9C70206F09C4}"
EndProject
Project("{FAE04EC0-301F-11D3-BF4B-00C04F79EFBC}") = "InjectionScript.Cli", "InjectionScript.Cli\InjectionScript.Cli.csproj", "{388FF0A8-ACB4-4E6C-B975-7270ED9EAC9E}"
EndProject
Project("{9A19103F-16F7-4668-BE54-9A1E7A4F7556}") = "InjectionScript.Tests", "InjectionScript.Tests\InjectionScript.Tests.csproj", "{C9016ECF-8810-4D76-8003-79664DD6C584}"
EndProject
Project("{9A19103F-16F7-4668-BE54-9A1E7A4F7556}") = "InjectionScript.Lsp", "InjectionScript.Lsp\InjectionScript.Lsp.csproj", "{E0AE8DF5-3372-451A-9040-D8E57F8665A6}"
EndProject
Project("{9A19103F-16F7-4668-BE54-9A1E7A4F7556}") = "InjectionScript.Lsp.Server", "InjectionScript.Lsp.Server\InjectionScript.Lsp.Server.csproj", "{6E1F5F87-FBA3-45FE-8791-C53DDBA13400}"
EndProject
Project("{9A19103F-16F7-4668-BE54-9A1E7A4F7556}") = "InjectionScript.Lsp.Tests", "InjectionScript.Lsp.Tests\InjectionScript.Lsp.Tests.csproj", "{6AB7137E-A9DD-46B0-AF9A-C223FFB62ED5}"
EndProject
Project("{2150E333-8FDC-42A3-9474-1A3956D46DE8}") = "Solution Items", "Solution Items", "{EB6C0CB8-F673-4DA0-A0B0-DCF956D59DE9}"
	ProjectSection(SolutionItems) = preProject
		Directory.Build.props = Directory.Build.props
	EndProjectSection
EndProject
Global
	GlobalSection(SolutionConfigurationPlatforms) = preSolution
		Debug|Any CPU = Debug|Any CPU
		Release|Any CPU = Release|Any CPU
	EndGlobalSection
	GlobalSection(ProjectConfigurationPlatforms) = postSolution
		{74517789-48C2-4AE9-BBC7-9C70206F09C4}.Debug|Any CPU.ActiveCfg = Debug|Any CPU
		{74517789-48C2-4AE9-BBC7-9C70206F09C4}.Debug|Any CPU.Build.0 = Debug|Any CPU
		{74517789-48C2-4AE9-BBC7-9C70206F09C4}.Release|Any CPU.ActiveCfg = Release|Any CPU
		{74517789-48C2-4AE9-BBC7-9C70206F09C4}.Release|Any CPU.Build.0 = Release|Any CPU
		{388FF0A8-ACB4-4E6C-B975-7270ED9EAC9E}.Debug|Any CPU.ActiveCfg = Debug|Any CPU
		{388FF0A8-ACB4-4E6C-B975-7270ED9EAC9E}.Debug|Any CPU.Build.0 = Debug|Any CPU
		{388FF0A8-ACB4-4E6C-B975-7270ED9EAC9E}.Release|Any CPU.ActiveCfg = Release|Any CPU
		{388FF0A8-ACB4-4E6C-B975-7270ED9EAC9E}.Release|Any CPU.Build.0 = Release|Any CPU
		{C9016ECF-8810-4D76-8003-79664DD6C584}.Debug|Any CPU.ActiveCfg = Debug|Any CPU
		{C9016ECF-8810-4D76-8003-79664DD6C584}.Debug|Any CPU.Build.0 = Debug|Any CPU
		{C9016ECF-8810-4D76-8003-79664DD6C584}.Release|Any CPU.ActiveCfg = Release|Any CPU
		{C9016ECF-8810-4D76-8003-79664DD6C584}.Release|Any CPU.Build.0 = Release|Any CPU
		{E0AE8DF5-3372-451A-9040-D8E57F8665A6}.Debug|Any CPU.ActiveCfg = Debug|Any CPU
		{E0AE8DF5-3372-451A-9040-D8E57F8665A6}.Debug|Any CPU.Build.0 = Debug|Any CPU
		{E0AE8DF5-3372-451A-9040-D8E57F8665A6}.Release|Any CPU.ActiveCfg = Release|Any CPU
		{E0AE8DF5-3372-451A-9040-D8E57F8665A6}.Release|Any CPU.Build.0 = Release|Any CPU
		{6E1F5F87-FBA3-45FE-8791-C53DDBA13400}.Debug|Any CPU.ActiveCfg = Debug|Any CPU
		{6E1F5F87-FBA3-45FE-8791-C53DDBA13400}.Debug|Any CPU.Build.0 = Debug|Any CPU
		{6E1F5F87-FBA3-45FE-8791-C53DDBA13400}.Release|Any CPU.ActiveCfg = Release|Any CPU
		{6E1F5F87-FBA3-45FE-8791-C53DDBA13400}.Release|Any CPU.Build.0 = Release|Any CPU
		{6AB7137E-A9DD-46B0-AF9A-C223FFB62ED5}.Debug|Any CPU.ActiveCfg = Debug|Any CPU
		{6AB7137E-A9DD-46B0-AF9A-C223FFB62ED5}.Debug|Any CPU.Build.0 = Debug|Any CPU
		{6AB7137E-A9DD-46B0-AF9A-C223FFB62ED5}.Release|Any CPU.ActiveCfg = Release|Any CPU
		{6AB7137E-A9DD-46B0-AF9A-C223FFB62ED5}.Release|Any CPU.Build.0 = Release|Any CPU
	EndGlobalSection
	GlobalSection(SolutionProperties) = preSolution
		HideSolutionNode = FALSE
	EndGlobalSection
	GlobalSection(ExtensibilityGlobals) = postSolution
		SolutionGuid = {6EE298EA-2BE0-48B4-AA71-BAAB5BC8C7C3}
	EndGlobalSection
EndGlobal
